
Microsoft Visual Studio Solution File, Format Version 12.00
# Visual Studio 2015
Project("{FAE04EC0-301F-11D3-BF4B-00C04F79EFBC}") = "PCGMap.CSharp", "PCGMap.CSharp.csproj", "{60EC063B-A90D-2221-7403-EF8CECC11BD7}"
EndProject
Project("{FAE04EC0-301F-11D3-BF4B-00C04F79EFBC}") = "PCGMap.CSharp.Editor", "PCGMap.CSharp.Editor.csproj", "{983EF0EE-5251-1006-FEC5-0F56A23BB218}"
EndProject
Global
	GlobalSection(SolutionConfigurationPlatforms) = preSolution
		Debug|Any CPU = Debug|Any CPU
		Release|Any CPU = Release|Any CPU
	EndGlobalSection
	GlobalSection(ProjectConfigurationPlatforms) = postSolution
		{60EC063B-A90D-2221-7403-EF8CECC11BD7}.Debug|Any CPU.ActiveCfg = Debug|Any CPU
		{60EC063B-A90D-2221-7403-EF8CECC11BD7}.Debug|Any CPU.Build.0 = Debug|Any CPU
		{60EC063B-A90D-2221-7403-EF8CECC11BD7}.Release|Any CPU.ActiveCfg = Release|Any CPU
		{60EC063B-A90D-2221-7403-EF8CECC11BD7}.Release|Any CPU.Build.0 = Release|Any CPU
		{983EF0EE-5251-1006-FEC5-0F56A23BB218}.Debug|Any CPU.ActiveCfg = Debug|Any CPU
		{983EF0EE-5251-1006-FEC5-0F56A23BB218}.Debug|Any CPU.Build.0 = Debug|Any CPU
		{983EF0EE-5251-1006-FEC5-0F56A23BB218}.Release|Any CPU.ActiveCfg = Release|Any CPU
		{983EF0EE-5251-1006-FEC5-0F56A23BB218}.Release|Any CPU.Build.0 = Release|Any CPU
	EndGlobalSection
	GlobalSection(SolutionProperties) = preSolution
		HideSolutionNode = FALSE
	EndGlobalSection
EndGlobal
